
Microsoft Visual Studio Solution File, Format Version 12.00
# Visual Studio Version 17
VisualStudioVersion = 17.0.31903.59
MinimumVisualStudioVersion = 10.0.40219.1
Project("{FAE04EC0-301F-11D3-BF4B-00C04F79EFBC}") = "ReciclagemApi.Tests", "ReciclagemApi.Tests\ReciclagemApi.Tests.csproj", "{55C65385-267B-4582-9487-FCD05EE4CF96}"
EndProject
Project("{FAE04EC0-301F-11D3-BF4B-00C04F79EFBC}") = "Reciclagem.api", "ReciclagemApi\Reciclagem.api.csproj", "{EF195EF6-58F1-4AA6-B2E7-FBC99A56C43C}"
EndProject
Global
	GlobalSection(SolutionConfigurationPlatforms) = preSolution
		Debug|Any CPU = Debug|Any CPU
		Release|Any CPU = Release|Any CPU
	EndGlobalSection
	GlobalSection(SolutionProperties) = preSolution
		HideSolutionNode = FALSE
	EndGlobalSection
	GlobalSection(ProjectConfigurationPlatforms) = postSolution
		{55C65385-267B-4582-9487-FCD05EE4CF96}.Debug|Any CPU.ActiveCfg = Debug|Any CPU
		{55C65385-267B-4582-9487-FCD05EE4CF96}.Debug|Any CPU.Build.0 = Debug|Any CPU
		{55C65385-267B-4582-9487-FCD05EE4CF96}.Release|Any CPU.ActiveCfg = Release|Any CPU
		{55C65385-267B-4582-9487-FCD05EE4CF96}.Release|Any CPU.Build.0 = Release|Any CPU
		{EF195EF6-58F1-4AA6-B2E7-FBC99A56C43C}.Debug|Any CPU.ActiveCfg = Debug|Any CPU
		{EF195EF6-58F1-4AA6-B2E7-FBC99A56C43C}.Debug|Any CPU.Build.0 = Debug|Any CPU
		{EF195EF6-58F1-4AA6-B2E7-FBC99A56C43C}.Release|Any CPU.ActiveCfg = Release|Any CPU
		{EF195EF6-58F1-4AA6-B2E7-FBC99A56C43C}.Release|Any CPU.Build.0 = Release|Any CPU
	EndGlobalSection
EndGlobal
